// !$*UTF8*$!
{
	archiveVersion = 1;
	classes = {
	};
	objectVersion = 46;
	objects = {

/* Begin PBXBuildFile section */
		5E3A7BE41B0BBB6E00FF2523 /* main.m in Sources */ = {isa = PBXBuildFile; fileRef = 5E3A7BE31B0BBB6E00FF2523 /* main.m */; };
		5E3A7BE71B0BBB6E00FF2523 /* AppDelegate.m in Sources */ = {isa = PBXBuildFile; fileRef = 5E3A7BE61B0BBB6E00FF2523 /* AppDelegate.m */; };
		5E3A7BEA1B0BBB6E00FF2523 /* FirstViewController.m in Sources */ = {isa = PBXBuildFile; fileRef = 5E3A7BE91B0BBB6E00FF2523 /* FirstViewController.m */; };
		5E3A7BED1B0BBB6E00FF2523 /* SecondViewController.m in Sources */ = {isa = PBXBuildFile; fileRef = 5E3A7BEC1B0BBB6E00FF2523 /* SecondViewController.m */; };
		5E3A7BF01B0BBB6E00FF2523 /* Main.storyboard in Resources */ = {isa = PBXBuildFile; fileRef = 5E3A7BEE1B0BBB6E00FF2523 /* Main.storyboard */; };
		5E3A7BF21B0BBB6E00FF2523 /* Images.xcassets in Resources */ = {isa = PBXBuildFile; fileRef = 5E3A7BF11B0BBB6E00FF2523 /* Images.xcassets */; };
		5E3A7BF51B0BBB6E00FF2523 /* LaunchScreen.xib in Resources */ = {isa = PBXBuildFile; fileRef = 5E3A7BF31B0BBB6E00FF2523 /* LaunchScreen.xib */; };
		5E3A7C011B0BBB6E00FF2523 /* ESPN_1420Tests.m in Sources */ = {isa = PBXBuildFile; fileRef = 5E3A7C001B0BBB6E00FF2523 /* ESPN_1420Tests.m */; };
/* End PBXBuildFile section */

/* Begin PBXContainerItemProxy section */
		5E3A7BFB1B0BBB6E00FF2523 /* PBXContainerItemProxy */ = {
			isa = PBXContainerItemProxy;
			containerPortal = 5E3A7BD61B0BBB6E00FF2523 /* Project object */;
			proxyType = 1;
			remoteGlobalIDString = 5E3A7BDD1B0BBB6E00FF2523;
			remoteInfo = "ESPN 1420";
		};
/* End PBXContainerItemProxy section */

/* Begin PBXFileReference section */
		5E3A7BDE1B0BBB6E00FF2523 /* ESPN 1420.app */ = {isa = PBXFileReference; explicitFileType = wrapper.application; includeInIndex = 0; path = "ESPN 1420.app"; sourceTree = BUILT_PRODUCTS_DIR; };
		5E3A7BE21B0BBB6E00FF2523 /* Info.plist */ = {isa = PBXFileReference; lastKnownFileType = text.plist.xml; path = Info.plist; sourceTree = "<group>"; };
		5E3A7BE31B0BBB6E00FF2523 /* main.m */ = {isa = PBXFileReference; lastKnownFileType = sourcecode.c.objc; path = main.m; sourceTree = "<group>"; };
		5E3A7BE51B0BBB6E00FF2523 /* AppDelegate.h */ = {isa = PBXFileReference; lastKnownFileType = sourcecode.c.h; path = AppDelegate.h; sourceTree = "<group>"; };
		5E3A7BE61B0BBB6E00FF2523 /* AppDelegate.m */ = {isa = PBXFileReference; lastKnownFileType = sourcecode.c.objc; path = AppDelegate.m; sourceTree = "<group>"; };
		5E3A7BE81B0BBB6E00FF2523 /* FirstViewController.h */ = {isa = PBXFileReference; lastKnownFileType = sourcecode.c.h; path = FirstViewController.h; sourceTree = "<group>"; };
		5E3A7BE91B0BBB6E00FF2523 /* FirstViewController.m */ = {isa = PBXFileReference; lastKnownFileType = sourcecode.c.objc; path = FirstViewController.m; sourceTree = "<group>"; };
		5E3A7BEB1B0BBB6E00FF2523 /* SecondViewController.h */ = {isa = PBXFileReference; lastKnownFileType = sourcecode.c.h; path = SecondViewController.h; sourceTree = "<group>"; };
		5E3A7BEC1B0BBB6E00FF2523 /* SecondViewController.m */ = {isa = PBXFileReference; lastKnownFileType = sourcecode.c.objc; path = SecondViewController.m; sourceTree = "<group>"; };
		5E3A7BEF1B0BBB6E00FF2523 /* Base */ = {isa = PBXFileReference; lastKnownFileType = file.storyboard; name = Base; path = Base.lproj/Main.storyboard; sourceTree = "<group>"; };
		5E3A7BF11B0BBB6E00FF2523 /* Images.xcassets */ = {isa = PBXFileReference; lastKnownFileType = folder.assetcatalog; path = Images.xcassets; sourceTree = "<group>"; };
		5E3A7BF41B0BBB6E00FF2523 /* Base */ = {isa = PBXFileReference; lastKnownFileType = file.xib; name = Base; path = Base.lproj/LaunchScreen.xib; sourceTree = "<group>"; };
		5E3A7BFA1B0BBB6E00FF2523 /* ESPN 1420Tests.xctest */ = {isa = PBXFileReference; explicitFileType = wrapper.cfbundle; includeInIndex = 0; path = "ESPN 1420Tests.xctest"; sourceTree = BUILT_PRODUCTS_DIR; };
		5E3A7BFF1B0BBB6E00FF2523 /* Info.plist */ = {isa = PBXFileReference; lastKnownFileType = text.plist.xml; path = Info.plist; sourceTree = "<group>"; };
		5E3A7C001B0BBB6E00FF2523 /* ESPN_1420Tests.m */ = {isa = PBXFileReference; lastKnownFileType = sourcecode.c.objc; path = ESPN_1420Tests.m; sourceTree = "<group>"; };
/* End PBXFileReference section */

/* Begin PBXFrameworksBuildPhase section */
		5E3A7BDB1B0BBB6E00FF2523 /* Frameworks */ = {
			isa = PBXFrameworksBuildPhase;
			buildActionMask = 2147483647;
			files = (
			);
			runOnlyForDeploymentPostprocessing = 0;
		};
		5E3A7BF71B0BBB6E00FF2523 /* Frameworks */ = {
			isa = PBXFrameworksBuildPhase;
			buildActionMask = 2147483647;
			files = (
			);
			runOnlyForDeploymentPostprocessing = 0;
		};
/* End PBXFrameworksBuildPhase section */

/* Begin PBXGroup section */
		5E3A7BD51B0BBB6E00FF2523 = {
			isa = PBXGroup;
			children = (
				5E3A7BE01B0BBB6E00FF2523 /* ESPN 1420 */,
				5E3A7BFD1B0BBB6E00FF2523 /* ESPN 1420Tests */,
				5E3A7BDF1B0BBB6E00FF2523 /* Products */,
			);
			sourceTree = "<group>";
		};
		5E3A7BDF1B0BBB6E00FF2523 /* Products */ = {
			isa = PBXGroup;
			children = (
				5E3A7BDE1B0BBB6E00FF2523 /* ESPN 1420.app */,
				5E3A7BFA1B0BBB6E00FF2523 /* ESPN 1420Tests.xctest */,
			);
			name = Products;
			sourceTree = "<group>";
		};
		5E3A7BE01B0BBB6E00FF2523 /* ESPN 1420 */ = {
			isa = PBXGroup;
			children = (
				5E3A7BE51B0BBB6E00FF2523 /* AppDelegate.h */,
				5E3A7BE61B0BBB6E00FF2523 /* AppDelegate.m */,
				5E3A7BE81B0BBB6E00FF2523 /* FirstViewController.h */,
				5E3A7BE91B0BBB6E00FF2523 /* FirstViewController.m */,
				5E3A7BEB1B0BBB6E00FF2523 /* SecondViewController.h */,
				5E3A7BEC1B0BBB6E00FF2523 /* SecondViewController.m */,
				5E3A7BEE1B0BBB6E00FF2523 /* Main.storyboard */,
				5E3A7BF11B0BBB6E00FF2523 /* Images.xcassets */,
				5E3A7BF31B0BBB6E00FF2523 /* LaunchScreen.xib */,
				5E3A7BE11B0BBB6E00FF2523 /* Supporting Files */,
			);
			path = "ESPN 1420";
			sourceTree = "<group>";
		};
		5E3A7BE11B0BBB6E00FF2523 /* Supporting Files */ = {
			isa = PBXGroup;
			children = (
				5E3A7BE21B0BBB6E00FF2523 /* Info.plist */,
				5E3A7BE31B0BBB6E00FF2523 /* main.m */,
			);
			name = "Supporting Files";
			sourceTree = "<group>";
		};
		5E3A7BFD1B0BBB6E00FF2523 /* ESPN 1420Tests */ = {
			isa = PBXGroup;
			children = (
				5E3A7C001B0BBB6E00FF2523 /* ESPN_1420Tests.m */,
				5E3A7BFE1B0BBB6E00FF2523 /* Supporting Files */,
			);
			path = "ESPN 1420Tests";
			sourceTree = "<group>";
		};
		5E3A7BFE1B0BBB6E00FF2523 /* Supporting Files */ = {
			isa = PBXGroup;
			children = (
				5E3A7BFF1B0BBB6E00FF2523 /* Info.plist */,
			);
			name = "Supporting Files";
			sourceTree = "<group>";
		};
/* End PBXGroup section */

/* Begin PBXNativeTarget section */
		5E3A7BDD1B0BBB6E00FF2523 /* ESPN 1420 */ = {
			isa = PBXNativeTarget;
			buildConfigurationList = 5E3A7C041B0BBB6E00FF2523 /* Build configuration list for PBXNativeTarget "ESPN 1420" */;
			buildPhases = (
				5E3A7BDA1B0BBB6E00FF2523 /* Sources */,
				5E3A7BDB1B0BBB6E00FF2523 /* Frameworks */,
				5E3A7BDC1B0BBB6E00FF2523 /* Resources */,
			);
			buildRules = (
			);
			dependencies = (
			);
			name = "ESPN 1420";
			productName = "ESPN 1420";
			productReference = 5E3A7BDE1B0BBB6E00FF2523 /* ESPN 1420.app */;
			productType = "com.apple.product-type.application";
		};
		5E3A7BF91B0BBB6E00FF2523 /* ESPN 1420Tests */ = {
			isa = PBXNativeTarget;
			buildConfigurationList = 5E3A7C071B0BBB6E00FF2523 /* Build configuration list for PBXNativeTarget "ESPN 1420Tests" */;
			buildPhases = (
				5E3A7BF61B0BBB6E00FF2523 /* Sources */,
				5E3A7BF71B0BBB6E00FF2523 /* Frameworks */,
				5E3A7BF81B0BBB6E00FF2523 /* Resources */,
			);
			buildRules = (
			);
			dependencies = (
				5E3A7BFC1B0BBB6E00FF2523 /* PBXTargetDependency */,
			);
			name = "ESPN 1420Tests";
			productName = "ESPN 1420Tests";
			productReference = 5E3A7BFA1B0BBB6E00FF2523 /* ESPN 1420Tests.xctest */;
			productType = "com.apple.product-type.bundle.unit-test";
		};
/* End PBXNativeTarget section */

/* Begin PBXProject section */
		5E3A7BD61B0BBB6E00FF2523 /* Project object */ = {
			isa = PBXProject;
			attributes = {
				LastUpgradeCheck = 0630;
				ORGANIZATIONNAME = "ESPN 1420";
				TargetAttributes = {
					5E3A7BDD1B0BBB6E00FF2523 = {
						CreatedOnToolsVersion = 6.3.2;
					};
					5E3A7BF91B0BBB6E00FF2523 = {
						CreatedOnToolsVersion = 6.3.2;
						TestTargetID = 5E3A7BDD1B0BBB6E00FF2523;
					};
				};
			};
			buildConfigurationList = 5E3A7BD91B0BBB6E00FF2523 /* Build configuration list for PBXProject "ESPN 1420" */;
			compatibilityVersion = "Xcode 3.2";
			developmentRegion = English;
			hasScannedForEncodings = 0;
			knownRegions = (
				en,
				Base,
			);
			mainGroup = 5E3A7BD51B0BBB6E00FF2523;
			productRefGroup = 5E3A7BDF1B0BBB6E00FF2523 /* Products */;
			projectDirPath = "";
			projectRoot = "";
			targets = (
				5E3A7BDD1B0BBB6E00FF2523 /* ESPN 1420 */,
				5E3A7BF91B0BBB6E00FF2523 /* ESPN 1420Tests */,
			);
		};
/* End PBXProject section */

/* Begin PBXResourcesBuildPhase section */
		5E3A7BDC1B0BBB6E00FF2523 /* Resources */ = {
			isa = PBXResourcesBuildPhase;
			buildActionMask = 2147483647;
			files = (
				5E3A7BF01B0BBB6E00FF2523 /* Main.storyboard in Resources */,
				5E3A7BF51B0BBB6E00FF2523 /* LaunchScreen.xib in Resources */,
				5E3A7BF21B0BBB6E00FF2523 /* Images.xcassets in Resources */,
			);
			runOnlyForDeploymentPostprocessing = 0;
		};
		5E3A7BF81B0BBB6E00FF2523 /* Resources */ = {
			isa = PBXResourcesBuildPhase;
			buildActionMask = 2147483647;
			files = (
			);
			runOnlyForDeploymentPostprocessing = 0;
		};
/* End PBXResourcesBuildPhase section */

/* Begin PBXSourcesBuildPhase section */
		5E3A7BDA1B0BBB6E00FF2523 /* Sources */ = {
			isa = PBXSourcesBuildPhase;
			buildActionMask = 2147483647;
			files = (
				5E3A7BED1B0BBB6E00FF2523 /* SecondViewController.m in Sources */,
				5E3A7BE71B0BBB6E00FF2523 /* AppDelegate.m in Sources */,
				5E3A7BEA1B0BBB6E00FF2523 /* FirstViewController.m in Sources */,
				5E3A7BE41B0BBB6E00FF2523 /* main.m in Sources */,
			);
			runOnlyForDeploymentPostprocessing = 0;
		};
		5E3A7BF61B0BBB6E00FF2523 /* Sources */ = {
			isa = PBXSourcesBuildPhase;
			buildActionMask = 2147483647;
			files = (
				5E3A7C011B0BBB6E00FF2523 /* ESPN_1420Tests.m in Sources */,
			);
			runOnlyForDeploymentPostprocessing = 0;
		};
/* End PBXSourcesBuildPhase section */

/* Begin PBXTargetDependency section */
		5E3A7BFC1B0BBB6E00FF2523 /* PBXTargetDependency */ = {
			isa = PBXTargetDependency;
			target = 5E3A7BDD1B0BBB6E00FF2523 /* ESPN 1420 */;
			targetProxy = 5E3A7BFB1B0BBB6E00FF2523 /* PBXContainerItemProxy */;
		};
/* End PBXTargetDependency section */

/* Begin PBXVariantGroup section */
		5E3A7BEE1B0BBB6E00FF2523 /* Main.storyboard */ = {
			isa = PBXVariantGroup;
			children = (
				5E3A7BEF1B0BBB6E00FF2523 /* Base */,
			);
			name = Main.storyboard;
			sourceTree = "<group>";
		};
		5E3A7BF31B0BBB6E00FF2523 /* LaunchScreen.xib */ = {
			isa = PBXVariantGroup;
			children = (
				5E3A7BF41B0BBB6E00FF2523 /* Base */,
			);
			name = LaunchScreen.xib;
			sourceTree = "<group>";
		};
/* End PBXVariantGroup section */

/* Begin XCBuildConfiguration section */
		5E3A7C021B0BBB6E00FF2523 /* Debug */ = {
			isa = XCBuildConfiguration;
			buildSettings = {
				ALWAYS_SEARCH_USER_PATHS = NO;
				CLANG_CXX_LANGUAGE_STANDARD = "gnu++0x";
				CLANG_CXX_LIBRARY = "libc++";
				CLANG_ENABLE_MODULES = YES;
				CLANG_ENABLE_OBJC_ARC = YES;
				CLANG_WARN_BOOL_CONVERSION = YES;
				CLANG_WARN_CONSTANT_CONVERSION = YES;
				CLANG_WARN_DIRECT_OBJC_ISA_USAGE = YES_ERROR;
				CLANG_WARN_EMPTY_BODY = YES;
				CLANG_WARN_ENUM_CONVERSION = YES;
				CLANG_WARN_INT_CONVERSION = YES;
				CLANG_WARN_OBJC_ROOT_CLASS = YES_ERROR;
				CLANG_WARN_UNREACHABLE_CODE = YES;
				CLANG_WARN__DUPLICATE_METHOD_MATCH = YES;
				"CODE_SIGN_IDENTITY[sdk=iphoneos*]" = "iPhone Developer";
				COPY_PHASE_STRIP = NO;
				DEBUG_INFORMATION_FORMAT = "dwarf-with-dsym";
				ENABLE_STRICT_OBJC_MSGSEND = YES;
				GCC_C_LANGUAGE_STANDARD = gnu99;
				GCC_DYNAMIC_NO_PIC = NO;
				GCC_NO_COMMON_BLOCKS = YES;
				GCC_OPTIMIZATION_LEVEL = 0;
				GCC_PREPROCESSOR_DEFINITIONS = (
					"DEBUG=1",
					"$(inherited)",
				);
				GCC_SYMBOLS_PRIVATE_EXTERN = NO;
				GCC_WARN_64_TO_32_BIT_CONVERSION = YES;
				GCC_WARN_ABOUT_RETURN_TYPE = YES_ERROR;
				GCC_WARN_UNDECLARED_SELECTOR = YES;
				GCC_WARN_UNINITIALIZED_AUTOS = YES_AGGRESSIVE;
				GCC_WARN_UNUSED_FUNCTION = YES;
				GCC_WARN_UNUSED_VARIABLE = YES;
				IPHONEOS_DEPLOYMENT_TARGET = 8.3;
				MTL_ENABLE_DEBUG_INFO = YES;
				ONLY_ACTIVE_ARCH = YES;
				SDKROOT = iphoneos;
				TARGETED_DEVICE_FAMILY = "1,2";
			};
			name = Debug;
		};
		5E3A7C031B0BBB6E00FF2523 /* Release */ = {
			isa = XCBuildConfiguration;
			buildSettings = {
				ALWAYS_SEARCH_USER_PATHS = NO;
				CLANG_CXX_LANGUAGE_STANDARD = "gnu++0x";
				CLANG_CXX_LIBRARY = "libc++";
				CLANG_ENABLE_MODULES = YES;
				CLANG_ENABLE_OBJC_ARC = YES;
				CLANG_WARN_BOOL_CONVERSION = YES;
				CLANG_WARN_CONSTANT_CONVERSION = YES;
				CLANG_WARN_DIRECT_OBJC_ISA_USAGE = YES_ERROR;
				CLANG_WARN_EMPTY_BODY = YES;
				CLANG_WARN_ENUM_CONVERSION = YES;
				CLANG_WARN_INT_CONVERSION = YES;
				CLANG_WARN_OBJC_ROOT_CLASS = YES_ERROR;
				CLANG_WARN_UNREACHABLE_CODE = YES;
				CLANG_WARN__DUPLICATE_METHOD_MATCH = YES;
				"CODE_SIGN_IDENTITY[sdk=iphoneos*]" = "iPhone Developer";
				COPY_PHASE_STRIP = NO;
				DEBUG_INFORMATION_FORMAT = "dwarf-with-dsym";
				ENABLE_NS_ASSERTIONS = NO;
				ENABLE_STRICT_OBJC_MSGSEND = YES;
				GCC_C_LANGUAGE_STANDARD = gnu99;
				GCC_NO_COMMON_BLOCKS = YES;
				GCC_WARN_64_TO_32_BIT_CONVERSION = YES;
				GCC_WARN_ABOUT_RETURN_TYPE = YES_ERROR;
				GCC_WARN_UNDECLARED_SELECTOR = YES;
				GCC_WARN_UNINITIALIZED_AUTOS = YES_AGGRESSIVE;
				GCC_WARN_UNUSED_FUNCTION = YES;
				GCC_WARN_UNUSED_VARIABLE = YES;
				IPHONEOS_DEPLOYMENT_TARGET = 8.3;
				MTL_ENABLE_DEBUG_INFO = NO;
				SDKROOT = iphoneos;
				TARGETED_DEVICE_FAMILY = "1,2";
				VALIDATE_PRODUCT = YES;
			};
			name = Release;
		};
		5E3A7C051B0BBB6E00FF2523 /* Debug */ = {
			isa = XCBuildConfiguration;
			buildSettings = {
				ASSETCATALOG_COMPILER_APPICON_NAME = AppIcon;
				INFOPLIST_FILE = "ESPN 1420/Info.plist";
				LD_RUNPATH_SEARCH_PATHS = "$(inherited) @executable_path/Frameworks";
				PRODUCT_NAME = "$(TARGET_NAME)";
			};
			name = Debug;
		};
		5E3A7C061B0BBB6E00FF2523 /* Release */ = {
			isa = XCBuildConfiguration;
			buildSettings = {
				ASSETCATALOG_COMPILER_APPICON_NAME = AppIcon;
				INFOPLIST_FILE = "ESPN 1420/Info.plist";
				LD_RUNPATH_SEARCH_PATHS = "$(inherited) @executable_path/Frameworks";
				PRODUCT_NAME = "$(TARGET_NAME)";
			};
			name = Release;
		};
		5E3A7C081B0BBB6E00FF2523 /* Debug */ = {
			isa = XCBuildConfiguration;
			buildSettings = {
				BUNDLE_LOADER = "$(TEST_HOST)";
				FRAMEWORK_SEARCH_PATHS = (
					"$(SDKROOT)/Developer/Library/Frameworks",
					"$(inherited)",
				);
				GCC_PREPROCESSOR_DEFINITIONS = (
					"DEBUG=1",
					"$(inherited)",
				);
				INFOPLIST_FILE = "ESPN 1420Tests/Info.plist";
				LD_RUNPATH_SEARCH_PATHS = "$(inherited) @executable_path/Frameworks @loader_path/Frameworks";
				PRODUCT_NAME = "$(TARGET_NAME)";
				TEST_HOST = "$(BUILT_PRODUCTS_DIR)/ESPN 1420.app/ESPN 1420";
			};
			name = Debug;
		};
		5E3A7C091B0BBB6E00FF2523 /* Release */ = {
			isa = XCBuildConfiguration;
			buildSettings = {
				BUNDLE_LOADER = "$(TEST_HOST)";
				FRAMEWORK_SEARCH_PATHS = (
					"$(SDKROOT)/Developer/Library/Frameworks",
					"$(inherited)",
				);
				INFOPLIST_FILE = "ESPN 1420Tests/Info.plist";
				LD_RUNPATH_SEARCH_PATHS = "$(inherited) @executable_path/Frameworks @loader_path/Frameworks";
				PRODUCT_NAME = "$(TARGET_NAME)";
				TEST_HOST = "$(BUILT_PRODUCTS_DIR)/ESPN 1420.app/ESPN 1420";
			};
			name = Release;
		};
/* End XCBuildConfiguration section */

/* Begin XCConfigurationList section */
		5E3A7BD91B0BBB6E00FF2523 /* Build configuration list for PBXProject "ESPN 1420" */ = {
			isa = XCConfigurationList;
			buildConfigurations = (
				5E3A7C021B0BBB6E00FF2523 /* Debug */,
				5E3A7C031B0BBB6E00FF2523 /* Release */,
			);
			defaultConfigurationIsVisible = 0;
			defaultConfigurationName = Release;
		};
		5E3A7C041B0BBB6E00FF2523 /* Build configuration list for PBXNativeTarget "ESPN 1420" */ = {
			isa = XCConfigurationList;
			buildConfigurations = (
				5E3A7C051B0BBB6E00FF2523 /* Debug */,
				5E3A7C061B0BBB6E00FF2523 /* Release */,
			);
			defaultConfigurationIsVisible = 0;
		};
		5E3A7C071B0BBB6E00FF2523 /* Build configuration list for PBXNativeTarget "ESPN 1420Tests" */ = {
			isa = XCConfigurationList;
			buildConfigurations = (
				5E3A7C081B0BBB6E00FF2523 /* Debug */,
				5E3A7C091B0BBB6E00FF2523 /* Release */,
			);
			defaultConfigurationIsVisible = 0;
		};
/* End XCConfigurationList section */
	};
	rootObject = 5E3A7BD61B0BBB6E00FF2523 /* Project object */;
}
